
Microsoft Visual Studio Solution File, Format Version 12.00
# Visual Studio Version 17
VisualStudioVersion = 17.3.32929.385
MinimumVisualStudioVersion = 10.0.40219.1
Project("{FAE04EC0-301F-11D3-BF4B-00C04F79EFBC}") = "Assinatura.Api", "src\Assinatura.Api\Assinatura.Api.csproj", "{8BF734B2-F33C-4A2B-88A7-95612162F83B}"
EndProject
Project("{FAE04EC0-301F-11D3-BF4B-00C04F79EFBC}") = "Assinatura.Domain", "src\Assinatura.Domain\Assinatura.Domain.csproj", "{7BF53BB7-D481-48F8-9F18-4DDEBE68D14A}"
EndProject
Project("{FAE04EC0-301F-11D3-BF4B-00C04F79EFBC}") = "Assinatura.Infra.Data", "src\Assinatura.Infra.Data\Assinatura.Infra.Data.csproj", "{3781C293-3833-4FEB-9FE4-BF5519A86621}"
EndProject
Project("{FAE04EC0-301F-11D3-BF4B-00C04F79EFBC}") = "Assinatura.Infra.Drive", "src\Assinatura.Infra.Drive\Assinatura.Infra.Drive.csproj", "{808FA114-03D6-40B6-986A-0E5028448DAF}"
EndProject
Global
	GlobalSection(SolutionConfigurationPlatforms) = preSolution
		Debug|Any CPU = Debug|Any CPU
		Release|Any CPU = Release|Any CPU
	EndGlobalSection
	GlobalSection(ProjectConfigurationPlatforms) = postSolution
		{8BF734B2-F33C-4A2B-88A7-95612162F83B}.Debug|Any CPU.ActiveCfg = Debug|Any CPU
		{8BF734B2-F33C-4A2B-88A7-95612162F83B}.Debug|Any CPU.Build.0 = Debug|Any CPU
		{8BF734B2-F33C-4A2B-88A7-95612162F83B}.Release|Any CPU.ActiveCfg = Release|Any CPU
		{8BF734B2-F33C-4A2B-88A7-95612162F83B}.Release|Any CPU.Build.0 = Release|Any CPU
		{7BF53BB7-D481-48F8-9F18-4DDEBE68D14A}.Debug|Any CPU.ActiveCfg = Debug|Any CPU
		{7BF53BB7-D481-48F8-9F18-4DDEBE68D14A}.Debug|Any CPU.Build.0 = Debug|Any CPU
		{7BF53BB7-D481-48F8-9F18-4DDEBE68D14A}.Release|Any CPU.ActiveCfg = Release|Any CPU
		{7BF53BB7-D481-48F8-9F18-4DDEBE68D14A}.Release|Any CPU.Build.0 = Release|Any CPU
		{3781C293-3833-4FEB-9FE4-BF5519A86621}.Debug|Any CPU.ActiveCfg = Debug|Any CPU
		{3781C293-3833-4FEB-9FE4-BF5519A86621}.Debug|Any CPU.Build.0 = Debug|Any CPU
		{3781C293-3833-4FEB-9FE4-BF5519A86621}.Release|Any CPU.ActiveCfg = Release|Any CPU
		{3781C293-3833-4FEB-9FE4-BF5519A86621}.Release|Any CPU.Build.0 = Release|Any CPU
		{808FA114-03D6-40B6-986A-0E5028448DAF}.Debug|Any CPU.ActiveCfg = Debug|Any CPU
		{808FA114-03D6-40B6-986A-0E5028448DAF}.Debug|Any CPU.Build.0 = Debug|Any CPU
		{808FA114-03D6-40B6-986A-0E5028448DAF}.Release|Any CPU.ActiveCfg = Release|Any CPU
		{808FA114-03D6-40B6-986A-0E5028448DAF}.Release|Any CPU.Build.0 = Release|Any CPU
	EndGlobalSection
	GlobalSection(SolutionProperties) = preSolution
		HideSolutionNode = FALSE
	EndGlobalSection
	GlobalSection(ExtensibilityGlobals) = postSolution
		SolutionGuid = {095E19A8-A7A5-4575-916D-DFF5F6FAC268}
	EndGlobalSection
EndGlobal
